// !$*UTF8*$!
{
	archiveVersion = 1;
	classes = {
	};
	objectVersion = 46;
	objects = {

/* Begin PBXBuildFile section */
		BA8792FF1B102B1A00BB5204 /* main.m in Sources */ = {isa = PBXBuildFile; fileRef = BA8792FE1B102B1A00BB5204 /* main.m */; };
		BA8793021B102B1A00BB5204 /* AppDelegate.m in Sources */ = {isa = PBXBuildFile; fileRef = BA8793011B102B1A00BB5204 /* AppDelegate.m */; };
		BA8793051B102B1A00BB5204 /* ViewController.m in Sources */ = {isa = PBXBuildFile; fileRef = BA8793041B102B1A00BB5204 /* ViewController.m */; };
		BA8793081B102B1A00BB5204 /* Main.storyboard in Resources */ = {isa = PBXBuildFile; fileRef = BA8793061B102B1A00BB5204 /* Main.storyboard */; };
		BA87930A1B102B1A00BB5204 /* Images.xcassets in Resources */ = {isa = PBXBuildFile; fileRef = BA8793091B102B1A00BB5204 /* Images.xcassets */; };
		BA87930D1B102B1A00BB5204 /* LaunchScreen.xib in Resources */ = {isa = PBXBuildFile; fileRef = BA87930B1B102B1A00BB5204 /* LaunchScreen.xib */; };
		BA8793191B102B1A00BB5204 /* tableView________Tests.m in Sources */ = {isa = PBXBuildFile; fileRef = BA8793181B102B1A00BB5204 /* tableView________Tests.m */; };
		BA8793231B102B4600BB5204 /* cars_total.plist in Resources */ = {isa = PBXBuildFile; fileRef = BA8793221B102B4600BB5204 /* cars_total.plist */; };
		BA8793261B102B6500BB5204 /* CarGroup.m in Sources */ = {isa = PBXBuildFile; fileRef = BA8793251B102B6500BB5204 /* CarGroup.m */; };
		BA8793291B102B7500BB5204 /* Car.m in Sources */ = {isa = PBXBuildFile; fileRef = BA8793281B102B7500BB5204 /* Car.m */; };
/* End PBXBuildFile section */

/* Begin PBXContainerItemProxy section */
		BA8793131B102B1A00BB5204 /* PBXContainerItemProxy */ = {
			isa = PBXContainerItemProxy;
			containerPortal = BA8792F11B102B1A00BB5204 /* Project object */;
			proxyType = 1;
			remoteGlobalIDString = BA8792F81B102B1A00BB5204;
			remoteInfo = "tableView-汽车展示多模型";
		};
/* End PBXContainerItemProxy section */

/* Begin PBXFileReference section */
		BA8792F91B102B1A00BB5204 /* tableView-汽车展示多模型.app */ = {isa = PBXFileReference; explicitFileType = wrapper.application; includeInIndex = 0; path = "tableView-汽车展示多模型.app"; sourceTree = BUILT_PRODUCTS_DIR; };
		BA8792FD1B102B1A00BB5204 /* Info.plist */ = {isa = PBXFileReference; lastKnownFileType = text.plist.xml; path = Info.plist; sourceTree = "<group>"; };
		BA8792FE1B102B1A00BB5204 /* main.m */ = {isa = PBXFileReference; lastKnownFileType = sourcecode.c.objc; path = main.m; sourceTree = "<group>"; };
		BA8793001B102B1A00BB5204 /* AppDelegate.h */ = {isa = PBXFileReference; lastKnownFileType = sourcecode.c.h; path = AppDelegate.h; sourceTree = "<group>"; };
		BA8793011B102B1A00BB5204 /* AppDelegate.m */ = {isa = PBXFileReference; lastKnownFileType = sourcecode.c.objc; path = AppDelegate.m; sourceTree = "<group>"; };
		BA8793031B102B1A00BB5204 /* ViewController.h */ = {isa = PBXFileReference; lastKnownFileType = sourcecode.c.h; path = ViewController.h; sourceTree = "<group>"; };
		BA8793041B102B1A00BB5204 /* ViewController.m */ = {isa = PBXFileReference; lastKnownFileType = sourcecode.c.objc; path = ViewController.m; sourceTree = "<group>"; };
		BA8793071B102B1A00BB5204 /* Base */ = {isa = PBXFileReference; lastKnownFileType = file.storyboard; name = Base; path = Base.lproj/Main.storyboard; sourceTree = "<group>"; };
		BA8793091B102B1A00BB5204 /* Images.xcassets */ = {isa = PBXFileReference; lastKnownFileType = folder.assetcatalog; path = Images.xcassets; sourceTree = "<group>"; };
		BA87930C1B102B1A00BB5204 /* Base */ = {isa = PBXFileReference; lastKnownFileType = file.xib; name = Base; path = Base.lproj/LaunchScreen.xib; sourceTree = "<group>"; };
		BA8793121B102B1A00BB5204 /* tableView-汽车展示多模型Tests.xctest */ = {isa = PBXFileReference; explicitFileType = wrapper.cfbundle; includeInIndex = 0; path = "tableView-汽车展示多模型Tests.xctest"; sourceTree = BUILT_PRODUCTS_DIR; };
		BA8793171B102B1A00BB5204 /* Info.plist */ = {isa = PBXFileReference; lastKnownFileType = text.plist.xml; path = Info.plist; sourceTree = "<group>"; };
		BA8793181B102B1A00BB5204 /* tableView________Tests.m */ = {isa = PBXFileReference; lastKnownFileType = sourcecode.c.objc; path = "tableView________Tests.m"; sourceTree = "<group>"; };
		BA8793221B102B4600BB5204 /* cars_total.plist */ = {isa = PBXFileReference; fileEncoding = 4; lastKnownFileType = text.plist.xml; path = cars_total.plist; sourceTree = "<group>"; };
		BA8793241B102B6500BB5204 /* CarGroup.h */ = {isa = PBXFileReference; fileEncoding = 4; lastKnownFileType = sourcecode.c.h; path = CarGroup.h; sourceTree = "<group>"; };
		BA8793251B102B6500BB5204 /* CarGroup.m */ = {isa = PBXFileReference; fileEncoding = 4; lastKnownFileType = sourcecode.c.objc; path = CarGroup.m; sourceTree = "<group>"; };
		BA8793271B102B7500BB5204 /* Car.h */ = {isa = PBXFileReference; fileEncoding = 4; lastKnownFileType = sourcecode.c.h; path = Car.h; sourceTree = "<group>"; };
		BA8793281B102B7500BB5204 /* Car.m */ = {isa = PBXFileReference; fileEncoding = 4; lastKnownFileType = sourcecode.c.objc; path = Car.m; sourceTree = "<group>"; };
/* End PBXFileReference section */

/* Begin PBXFrameworksBuildPhase section */
		BA8792F61B102B1A00BB5204 /* Frameworks */ = {
			isa = PBXFrameworksBuildPhase;
			buildActionMask = 2147483647;
			files = (
			);
			runOnlyForDeploymentPostprocessing = 0;
		};
		BA87930F1B102B1A00BB5204 /* Frameworks */ = {
			isa = PBXFrameworksBuildPhase;
			buildActionMask = 2147483647;
			files = (
			);
			runOnlyForDeploymentPostprocessing = 0;
		};
/* End PBXFrameworksBuildPhase section */

/* Begin PBXGroup section */
		BA8792F01B102B1A00BB5204 = {
			isa = PBXGroup;
			children = (
				BA8792FB1B102B1A00BB5204 /* tableView-汽车展示多模型 */,
				BA8793151B102B1A00BB5204 /* tableView-汽车展示多模型Tests */,
				BA8792FA1B102B1A00BB5204 /* Products */,
			);
			sourceTree = "<group>";
		};
		BA8792FA1B102B1A00BB5204 /* Products */ = {
			isa = PBXGroup;
			children = (
				BA8792F91B102B1A00BB5204 /* tableView-汽车展示多模型.app */,
				BA8793121B102B1A00BB5204 /* tableView-汽车展示多模型Tests.xctest */,
			);
			name = Products;
			sourceTree = "<group>";
		};
		BA8792FB1B102B1A00BB5204 /* tableView-汽车展示多模型 */ = {
			isa = PBXGroup;
			children = (
				BA8793271B102B7500BB5204 /* Car.h */,
				BA8793281B102B7500BB5204 /* Car.m */,
				BA8793241B102B6500BB5204 /* CarGroup.h */,
				BA8793251B102B6500BB5204 /* CarGroup.m */,
				BA8793001B102B1A00BB5204 /* AppDelegate.h */,
				BA8793011B102B1A00BB5204 /* AppDelegate.m */,
				BA8793031B102B1A00BB5204 /* ViewController.h */,
				BA8793041B102B1A00BB5204 /* ViewController.m */,
				BA8793061B102B1A00BB5204 /* Main.storyboard */,
				BA8793091B102B1A00BB5204 /* Images.xcassets */,
				BA87930B1B102B1A00BB5204 /* LaunchScreen.xib */,
				BA8792FC1B102B1A00BB5204 /* Supporting Files */,
			);
			path = "tableView-汽车展示多模型";
			sourceTree = "<group>";
		};
		BA8792FC1B102B1A00BB5204 /* Supporting Files */ = {
			isa = PBXGroup;
			children = (
				BA8793221B102B4600BB5204 /* cars_total.plist */,
				BA8792FD1B102B1A00BB5204 /* Info.plist */,
				BA8792FE1B102B1A00BB5204 /* main.m */,
			);
			name = "Supporting Files";
			sourceTree = "<group>";
		};
		BA8793151B102B1A00BB5204 /* tableView-汽车展示多模型Tests */ = {
			isa = PBXGroup;
			children = (
				BA8793181B102B1A00BB5204 /* tableView________Tests.m */,
				BA8793161B102B1A00BB5204 /* Supporting Files */,
			);
			path = "tableView-汽车展示多模型Tests";
			sourceTree = "<group>";
		};
		BA8793161B102B1A00BB5204 /* Supporting Files */ = {
			isa = PBXGroup;
			children = (
				BA8793171B102B1A00BB5204 /* Info.plist */,
			);
			name = "Supporting Files";
			sourceTree = "<group>";
		};
/* End PBXGroup section */

/* Begin PBXNativeTarget section */
		BA8792F81B102B1A00BB5204 /* tableView-汽车展示多模型 */ = {
			isa = PBXNativeTarget;
			buildConfigurationList = BA87931C1B102B1A00BB5204 /* Build configuration list for PBXNativeTarget "tableView-汽车展示多模型" */;
			buildPhases = (
				BA8792F51B102B1A00BB5204 /* Sources */,
				BA8792F61B102B1A00BB5204 /* Frameworks */,
				BA8792F71B102B1A00BB5204 /* Resources */,
			);
			buildRules = (
			);
			dependencies = (
			);
			name = "tableView-汽车展示多模型";
			productName = "tableView-汽车展示多模型";
			productReference = BA8792F91B102B1A00BB5204 /* tableView-汽车展示多模型.app */;
			productType = "com.apple.product-type.application";
		};
		BA8793111B102B1A00BB5204 /* tableView-汽车展示多模型Tests */ = {
			isa = PBXNativeTarget;
			buildConfigurationList = BA87931F1B102B1A00BB5204 /* Build configuration list for PBXNativeTarget "tableView-汽车展示多模型Tests" */;
			buildPhases = (
				BA87930E1B102B1A00BB5204 /* Sources */,
				BA87930F1B102B1A00BB5204 /* Frameworks */,
				BA8793101B102B1A00BB5204 /* Resources */,
			);
			buildRules = (
			);
			dependencies = (
				BA8793141B102B1A00BB5204 /* PBXTargetDependency */,
			);
			name = "tableView-汽车展示多模型Tests";
			productName = "tableView-汽车展示多模型Tests";
			productReference = BA8793121B102B1A00BB5204 /* tableView-汽车展示多模型Tests.xctest */;
			productType = "com.apple.product-type.bundle.unit-test";
		};
/* End PBXNativeTarget section */

/* Begin PBXProject section */
		BA8792F11B102B1A00BB5204 /* Project object */ = {
			isa = PBXProject;
			attributes = {
				LastUpgradeCheck = 0630;
				ORGANIZATIONNAME = lynn;
				TargetAttributes = {
					BA8792F81B102B1A00BB5204 = {
						CreatedOnToolsVersion = 6.3.2;
					};
					BA8793111B102B1A00BB5204 = {
						CreatedOnToolsVersion = 6.3.2;
						TestTargetID = BA8792F81B102B1A00BB5204;
					};
				};
			};
			buildConfigurationList = BA8792F41B102B1A00BB5204 /* Build configuration list for PBXProject "tableView-汽车展示多模型" */;
			compatibilityVersion = "Xcode 3.2";
			developmentRegion = English;
			hasScannedForEncodings = 0;
			knownRegions = (
				en,
				Base,
			);
			mainGroup = BA8792F01B102B1A00BB5204;
			productRefGroup = BA8792FA1B102B1A00BB5204 /* Products */;
			projectDirPath = "";
			projectRoot = "";
			targets = (
				BA8792F81B102B1A00BB5204 /* tableView-汽车展示多模型 */,
				BA8793111B102B1A00BB5204 /* tableView-汽车展示多模型Tests */,
			);
		};
/* End PBXProject section */

/* Begin PBXResourcesBuildPhase section */
		BA8792F71B102B1A00BB5204 /* Resources */ = {
			isa = PBXResourcesBuildPhase;
			buildActionMask = 2147483647;
			files = (
				BA8793081B102B1A00BB5204 /* Main.storyboard in Resources */,
				BA87930D1B102B1A00BB5204 /* LaunchScreen.xib in Resources */,
				BA8793231B102B4600BB5204 /* cars_total.plist in Resources */,
				BA87930A1B102B1A00BB5204 /* Images.xcassets in Resources */,
			);
			runOnlyForDeploymentPostprocessing = 0;
		};
		BA8793101B102B1A00BB5204 /* Resources */ = {
			isa = PBXResourcesBuildPhase;
			buildActionMask = 2147483647;
			files = (
			);
			runOnlyForDeploymentPostprocessing = 0;
		};
/* End PBXResourcesBuildPhase section */

/* Begin PBXSourcesBuildPhase section */
		BA8792F51B102B1A00BB5204 /* Sources */ = {
			isa = PBXSourcesBuildPhase;
			buildActionMask = 2147483647;
			files = (
				BA8793291B102B7500BB5204 /* Car.m in Sources */,
				BA8793261B102B6500BB5204 /* CarGroup.m in Sources */,
				BA8793051B102B1A00BB5204 /* ViewController.m in Sources */,
				BA8793021B102B1A00BB5204 /* AppDelegate.m in Sources */,
				BA8792FF1B102B1A00BB5204 /* main.m in Sources */,
			);
			runOnlyForDeploymentPostprocessing = 0;
		};
		BA87930E1B102B1A00BB5204 /* Sources */ = {
			isa = PBXSourcesBuildPhase;
			buildActionMask = 2147483647;
			files = (
				BA8793191B102B1A00BB5204 /* tableView________Tests.m in Sources */,
			);
			runOnlyForDeploymentPostprocessing = 0;
		};
/* End PBXSourcesBuildPhase section */

/* Begin PBXTargetDependency section */
		BA8793141B102B1A00BB5204 /* PBXTargetDependency */ = {
			isa = PBXTargetDependency;
			target = BA8792F81B102B1A00BB5204 /* tableView-汽车展示多模型 */;
			targetProxy = BA8793131B102B1A00BB5204 /* PBXContainerItemProxy */;
		};
/* End PBXTargetDependency section */

/* Begin PBXVariantGroup section */
		BA8793061B102B1A00BB5204 /* Main.storyboard */ = {
			isa = PBXVariantGroup;
			children = (
				BA8793071B102B1A00BB5204 /* Base */,
			);
			name = Main.storyboard;
			sourceTree = "<group>";
		};
		BA87930B1B102B1A00BB5204 /* LaunchScreen.xib */ = {
			isa = PBXVariantGroup;
			children = (
				BA87930C1B102B1A00BB5204 /* Base */,
			);
			name = LaunchScreen.xib;
			sourceTree = "<group>";
		};
/* End PBXVariantGroup section */

/* Begin XCBuildConfiguration section */
		BA87931A1B102B1A00BB5204 /* Debug */ = {
			isa = XCBuildConfiguration;
			buildSettings = {
				ALWAYS_SEARCH_USER_PATHS = NO;
				CLANG_CXX_LANGUAGE_STANDARD = "gnu++0x";
				CLANG_CXX_LIBRARY = "libc++";
				CLANG_ENABLE_MODULES = YES;
				CLANG_ENABLE_OBJC_ARC = YES;
				CLANG_WARN_BOOL_CONVERSION = YES;
				CLANG_WARN_CONSTANT_CONVERSION = YES;
				CLANG_WARN_DIRECT_OBJC_ISA_USAGE = YES_ERROR;
				CLANG_WARN_EMPTY_BODY = YES;
				CLANG_WARN_ENUM_CONVERSION = YES;
				CLANG_WARN_INT_CONVERSION = YES;
				CLANG_WARN_OBJC_ROOT_CLASS = YES_ERROR;
				CLANG_WARN_UNREACHABLE_CODE = YES;
				CLANG_WARN__DUPLICATE_METHOD_MATCH = YES;
				"CODE_SIGN_IDENTITY[sdk=iphoneos*]" = "iPhone Developer";
				COPY_PHASE_STRIP = NO;
				DEBUG_INFORMATION_FORMAT = "dwarf-with-dsym";
				ENABLE_STRICT_OBJC_MSGSEND = YES;
				GCC_C_LANGUAGE_STANDARD = gnu99;
				GCC_DYNAMIC_NO_PIC = NO;
				GCC_NO_COMMON_BLOCKS = YES;
				GCC_OPTIMIZATION_LEVEL = 0;
				GCC_PREPROCESSOR_DEFINITIONS = (
					"DEBUG=1",
					"$(inherited)",
				);
				GCC_SYMBOLS_PRIVATE_EXTERN = NO;
				GCC_WARN_64_TO_32_BIT_CONVERSION = YES;
				GCC_WARN_ABOUT_RETURN_TYPE = YES_ERROR;
				GCC_WARN_UNDECLARED_SELECTOR = YES;
				GCC_WARN_UNINITIALIZED_AUTOS = YES_AGGRESSIVE;
				GCC_WARN_UNUSED_FUNCTION = YES;
				GCC_WARN_UNUSED_VARIABLE = YES;
				IPHONEOS_DEPLOYMENT_TARGET = 8.3;
				MTL_ENABLE_DEBUG_INFO = YES;
				ONLY_ACTIVE_ARCH = YES;
				SDKROOT = iphoneos;
			};
			name = Debug;
		};
		BA87931B1B102B1A00BB5204 /* Release */ = {
			isa = XCBuildConfiguration;
			buildSettings = {
				ALWAYS_SEARCH_USER_PATHS = NO;
				CLANG_CXX_LANGUAGE_STANDARD = "gnu++0x";
				CLANG_CXX_LIBRARY = "libc++";
				CLANG_ENABLE_MODULES = YES;
				CLANG_ENABLE_OBJC_ARC = YES;
				CLANG_WARN_BOOL_CONVERSION = YES;
				CLANG_WARN_CONSTANT_CONVERSION = YES;
				CLANG_WARN_DIRECT_OBJC_ISA_USAGE = YES_ERROR;
				CLANG_WARN_EMPTY_BODY = YES;
				CLANG_WARN_ENUM_CONVERSION = YES;
				CLANG_WARN_INT_CONVERSION = YES;
				CLANG_WARN_OBJC_ROOT_CLASS = YES_ERROR;
				CLANG_WARN_UNREACHABLE_CODE = YES;
				CLANG_WARN__DUPLICATE_METHOD_MATCH = YES;
				"CODE_SIGN_IDENTITY[sdk=iphoneos*]" = "iPhone Developer";
				COPY_PHASE_STRIP = NO;
				DEBUG_INFORMATION_FORMAT = "dwarf-with-dsym";
				ENABLE_NS_ASSERTIONS = NO;
				ENABLE_STRICT_OBJC_MSGSEND = YES;
				GCC_C_LANGUAGE_STANDARD = gnu99;
				GCC_NO_COMMON_BLOCKS = YES;
				GCC_WARN_64_TO_32_BIT_CONVERSION = YES;
				GCC_WARN_ABOUT_RETURN_TYPE = YES_ERROR;
				GCC_WARN_UNDECLARED_SELECTOR = YES;
				GCC_WARN_UNINITIALIZED_AUTOS = YES_AGGRESSIVE;
				GCC_WARN_UNUSED_FUNCTION = YES;
				GCC_WARN_UNUSED_VARIABLE = YES;
				IPHONEOS_DEPLOYMENT_TARGET = 8.3;
				MTL_ENABLE_DEBUG_INFO = NO;
				SDKROOT = iphoneos;
				VALIDATE_PRODUCT = YES;
			};
			name = Release;
		};
		BA87931D1B102B1A00BB5204 /* Debug */ = {
			isa = XCBuildConfiguration;
			buildSettings = {
				ASSETCATALOG_COMPILER_APPICON_NAME = AppIcon;
				CODE_SIGN_IDENTITY = "iPhone Developer: Wei Feng Hou (SM55Y27R73)";
				INFOPLIST_FILE = "tableView-汽车展示多模型/Info.plist";
				LD_RUNPATH_SEARCH_PATHS = "$(inherited) @executable_path/Frameworks";
				PRODUCT_NAME = "$(TARGET_NAME)";
			};
			name = Debug;
		};
		BA87931E1B102B1A00BB5204 /* Release */ = {
			isa = XCBuildConfiguration;
			buildSettings = {
				ASSETCATALOG_COMPILER_APPICON_NAME = AppIcon;
				CODE_SIGN_IDENTITY = "iPhone Developer: Wei Feng Hou (SM55Y27R73)";
				INFOPLIST_FILE = "tableView-汽车展示多模型/Info.plist";
				LD_RUNPATH_SEARCH_PATHS = "$(inherited) @executable_path/Frameworks";
				PRODUCT_NAME = "$(TARGET_NAME)";
			};
			name = Release;
		};
		BA8793201B102B1A00BB5204 /* Debug */ = {
			isa = XCBuildConfiguration;
			buildSettings = {
				BUNDLE_LOADER = "$(TEST_HOST)";
				FRAMEWORK_SEARCH_PATHS = (
					"$(SDKROOT)/Developer/Library/Frameworks",
					"$(inherited)",
				);
				GCC_PREPROCESSOR_DEFINITIONS = (
					"DEBUG=1",
					"$(inherited)",
				);
				INFOPLIST_FILE = "tableView-汽车展示多模型Tests/Info.plist";
				LD_RUNPATH_SEARCH_PATHS = "$(inherited) @executable_path/Frameworks @loader_path/Frameworks";
				PRODUCT_NAME = "$(TARGET_NAME)";
				TEST_HOST = "$(BUILT_PRODUCTS_DIR)/tableView-汽车展示多模型.app/tableView-汽车展示多模型";
			};
			name = Debug;
		};
		BA8793211B102B1A00BB5204 /* Release */ = {
			isa = XCBuildConfiguration;
			buildSettings = {
				BUNDLE_LOADER = "$(TEST_HOST)";
				FRAMEWORK_SEARCH_PATHS = (
					"$(SDKROOT)/Developer/Library/Frameworks",
					"$(inherited)",
				);
				INFOPLIST_FILE = "tableView-汽车展示多模型Tests/Info.plist";
				LD_RUNPATH_SEARCH_PATHS = "$(inherited) @executable_path/Frameworks @loader_path/Frameworks";
				PRODUCT_NAME = "$(TARGET_NAME)";
				TEST_HOST = "$(BUILT_PRODUCTS_DIR)/tableView-汽车展示多模型.app/tableView-汽车展示多模型";
			};
			name = Release;
		};
/* End XCBuildConfiguration section */

/* Begin XCConfigurationList section */
		BA8792F41B102B1A00BB5204 /* Build configuration list for PBXProject "tableView-汽车展示多模型" */ = {
			isa = XCConfigurationList;
			buildConfigurations = (
				BA87931A1B102B1A00BB5204 /* Debug */,
				BA87931B1B102B1A00BB5204 /* Release */,
			);
			defaultConfigurationIsVisible = 0;
			defaultConfigurationName = Release;
		};
		BA87931C1B102B1A00BB5204 /* Build configuration list for PBXNativeTarget "tableView-汽车展示多模型" */ = {
			isa = XCConfigurationList;
			buildConfigurations = (
				BA87931D1B102B1A00BB5204 /* Debug */,
				BA87931E1B102B1A00BB5204 /* Release */,
			);
			defaultConfigurationIsVisible = 0;
		};
		BA87931F1B102B1A00BB5204 /* Build configuration list for PBXNativeTarget "tableView-汽车展示多模型Tests" */ = {
			isa = XCConfigurationList;
			buildConfigurations = (
				BA8793201B102B1A00BB5204 /* Debug */,
				BA8793211B102B1A00BB5204 /* Release */,
			);
			defaultConfigurationIsVisible = 0;
		};
/* End XCConfigurationList section */
	};
	rootObject = BA8792F11B102B1A00BB5204 /* Project object */;
}
