// !$*UTF8*$!
{
	archiveVersion = 1;
	classes = {
	};
	objectVersion = 46;
	objects = {

/* Begin PBXBuildFile section */
		BAD6B7D41AA5EEAF00022AB0 /* main.m in Sources */ = {isa = PBXBuildFile; fileRef = BAD6B7D31AA5EEAF00022AB0 /* main.m */; };
		BAD6B7D71AA5EEAF00022AB0 /* AppDelegate.m in Sources */ = {isa = PBXBuildFile; fileRef = BAD6B7D61AA5EEAF00022AB0 /* AppDelegate.m */; };
		BAD6B7DA1AA5EEAF00022AB0 /* ViewController.m in Sources */ = {isa = PBXBuildFile; fileRef = BAD6B7D91AA5EEAF00022AB0 /* ViewController.m */; };
		BAD6B7DD1AA5EEAF00022AB0 /* Main.storyboard in Resources */ = {isa = PBXBuildFile; fileRef = BAD6B7DB1AA5EEAF00022AB0 /* Main.storyboard */; };
		BAD6B7DF1AA5EEAF00022AB0 /* Images.xcassets in Resources */ = {isa = PBXBuildFile; fileRef = BAD6B7DE1AA5EEAF00022AB0 /* Images.xcassets */; };
		BAD6B7E21AA5EEAF00022AB0 /* LaunchScreen.xib in Resources */ = {isa = PBXBuildFile; fileRef = BAD6B7E01AA5EEAF00022AB0 /* LaunchScreen.xib */; };
		BAD6B7EE1AA5EEAF00022AB0 /* IOS_001Tests.m in Sources */ = {isa = PBXBuildFile; fileRef = BAD6B7ED1AA5EEAF00022AB0 /* IOS_001Tests.m */; };
/* End PBXBuildFile section */

/* Begin PBXContainerItemProxy section */
		BAD6B7E81AA5EEAF00022AB0 /* PBXContainerItemProxy */ = {
			isa = PBXContainerItemProxy;
			containerPortal = BAD6B7C61AA5EEAF00022AB0 /* Project object */;
			proxyType = 1;
			remoteGlobalIDString = BAD6B7CD1AA5EEAF00022AB0;
			remoteInfo = IOS_001;
		};
/* End PBXContainerItemProxy section */

/* Begin PBXFileReference section */
		BAD6B7CE1AA5EEAF00022AB0 /* IOS_001.app */ = {isa = PBXFileReference; explicitFileType = wrapper.application; includeInIndex = 0; path = IOS_001.app; sourceTree = BUILT_PRODUCTS_DIR; };
		BAD6B7D21AA5EEAF00022AB0 /* Info.plist */ = {isa = PBXFileReference; lastKnownFileType = text.plist.xml; path = Info.plist; sourceTree = "<group>"; };
		BAD6B7D31AA5EEAF00022AB0 /* main.m */ = {isa = PBXFileReference; lastKnownFileType = sourcecode.c.objc; path = main.m; sourceTree = "<group>"; };
		BAD6B7D51AA5EEAF00022AB0 /* AppDelegate.h */ = {isa = PBXFileReference; lastKnownFileType = sourcecode.c.h; path = AppDelegate.h; sourceTree = "<group>"; };
		BAD6B7D61AA5EEAF00022AB0 /* AppDelegate.m */ = {isa = PBXFileReference; lastKnownFileType = sourcecode.c.objc; path = AppDelegate.m; sourceTree = "<group>"; };
		BAD6B7D81AA5EEAF00022AB0 /* ViewController.h */ = {isa = PBXFileReference; lastKnownFileType = sourcecode.c.h; path = ViewController.h; sourceTree = "<group>"; };
		BAD6B7D91AA5EEAF00022AB0 /* ViewController.m */ = {isa = PBXFileReference; lastKnownFileType = sourcecode.c.objc; path = ViewController.m; sourceTree = "<group>"; };
		BAD6B7DC1AA5EEAF00022AB0 /* Base */ = {isa = PBXFileReference; lastKnownFileType = file.storyboard; name = Base; path = Base.lproj/Main.storyboard; sourceTree = "<group>"; };
		BAD6B7DE1AA5EEAF00022AB0 /* Images.xcassets */ = {isa = PBXFileReference; lastKnownFileType = folder.assetcatalog; path = Images.xcassets; sourceTree = "<group>"; };
		BAD6B7E11AA5EEAF00022AB0 /* Base */ = {isa = PBXFileReference; lastKnownFileType = file.xib; name = Base; path = Base.lproj/LaunchScreen.xib; sourceTree = "<group>"; };
		BAD6B7E71AA5EEAF00022AB0 /* IOS_001Tests.xctest */ = {isa = PBXFileReference; explicitFileType = wrapper.cfbundle; includeInIndex = 0; path = IOS_001Tests.xctest; sourceTree = BUILT_PRODUCTS_DIR; };
		BAD6B7EC1AA5EEAF00022AB0 /* Info.plist */ = {isa = PBXFileReference; lastKnownFileType = text.plist.xml; path = Info.plist; sourceTree = "<group>"; };
		BAD6B7ED1AA5EEAF00022AB0 /* IOS_001Tests.m */ = {isa = PBXFileReference; lastKnownFileType = sourcecode.c.objc; path = IOS_001Tests.m; sourceTree = "<group>"; };
/* End PBXFileReference section */

/* Begin PBXFrameworksBuildPhase section */
		BAD6B7CB1AA5EEAF00022AB0 /* Frameworks */ = {
			isa = PBXFrameworksBuildPhase;
			buildActionMask = 2147483647;
			files = (
			);
			runOnlyForDeploymentPostprocessing = 0;
		};
		BAD6B7E41AA5EEAF00022AB0 /* Frameworks */ = {
			isa = PBXFrameworksBuildPhase;
			buildActionMask = 2147483647;
			files = (
			);
			runOnlyForDeploymentPostprocessing = 0;
		};
/* End PBXFrameworksBuildPhase section */

/* Begin PBXGroup section */
		BAD6B7C51AA5EEAF00022AB0 = {
			isa = PBXGroup;
			children = (
				BAD6B7D01AA5EEAF00022AB0 /* IOS_001 */,
				BAD6B7EA1AA5EEAF00022AB0 /* IOS_001Tests */,
				BAD6B7CF1AA5EEAF00022AB0 /* Products */,
			);
			sourceTree = "<group>";
		};
		BAD6B7CF1AA5EEAF00022AB0 /* Products */ = {
			isa = PBXGroup;
			children = (
				BAD6B7CE1AA5EEAF00022AB0 /* IOS_001.app */,
				BAD6B7E71AA5EEAF00022AB0 /* IOS_001Tests.xctest */,
			);
			name = Products;
			sourceTree = "<group>";
		};
		BAD6B7D01AA5EEAF00022AB0 /* IOS_001 */ = {
			isa = PBXGroup;
			children = (
				BAD6B7D51AA5EEAF00022AB0 /* AppDelegate.h */,
				BAD6B7D61AA5EEAF00022AB0 /* AppDelegate.m */,
				BAD6B7D81AA5EEAF00022AB0 /* ViewController.h */,
				BAD6B7D91AA5EEAF00022AB0 /* ViewController.m */,
				BAD6B7DB1AA5EEAF00022AB0 /* Main.storyboard */,
				BAD6B7DE1AA5EEAF00022AB0 /* Images.xcassets */,
				BAD6B7E01AA5EEAF00022AB0 /* LaunchScreen.xib */,
				BAD6B7D11AA5EEAF00022AB0 /* Supporting Files */,
			);
			path = IOS_001;
			sourceTree = "<group>";
		};
		BAD6B7D11AA5EEAF00022AB0 /* Supporting Files */ = {
			isa = PBXGroup;
			children = (
				BAD6B7D21AA5EEAF00022AB0 /* Info.plist */,
				BAD6B7D31AA5EEAF00022AB0 /* main.m */,
			);
			name = "Supporting Files";
			sourceTree = "<group>";
		};
		BAD6B7EA1AA5EEAF00022AB0 /* IOS_001Tests */ = {
			isa = PBXGroup;
			children = (
				BAD6B7ED1AA5EEAF00022AB0 /* IOS_001Tests.m */,
				BAD6B7EB1AA5EEAF00022AB0 /* Supporting Files */,
			);
			path = IOS_001Tests;
			sourceTree = "<group>";
		};
		BAD6B7EB1AA5EEAF00022AB0 /* Supporting Files */ = {
			isa = PBXGroup;
			children = (
				BAD6B7EC1AA5EEAF00022AB0 /* Info.plist */,
			);
			name = "Supporting Files";
			sourceTree = "<group>";
		};
/* End PBXGroup section */

/* Begin PBXNativeTarget section */
		BAD6B7CD1AA5EEAF00022AB0 /* IOS_001 */ = {
			isa = PBXNativeTarget;
			buildConfigurationList = BAD6B7F11AA5EEAF00022AB0 /* Build configuration list for PBXNativeTarget "IOS_001" */;
			buildPhases = (
				BAD6B7CA1AA5EEAF00022AB0 /* Sources */,
				BAD6B7CB1AA5EEAF00022AB0 /* Frameworks */,
				BAD6B7CC1AA5EEAF00022AB0 /* Resources */,
			);
			buildRules = (
			);
			dependencies = (
			);
			name = IOS_001;
			productName = IOS_001;
			productReference = BAD6B7CE1AA5EEAF00022AB0 /* IOS_001.app */;
			productType = "com.apple.product-type.application";
		};
		BAD6B7E61AA5EEAF00022AB0 /* IOS_001Tests */ = {
			isa = PBXNativeTarget;
			buildConfigurationList = BAD6B7F41AA5EEAF00022AB0 /* Build configuration list for PBXNativeTarget "IOS_001Tests" */;
			buildPhases = (
				BAD6B7E31AA5EEAF00022AB0 /* Sources */,
				BAD6B7E41AA5EEAF00022AB0 /* Frameworks */,
				BAD6B7E51AA5EEAF00022AB0 /* Resources */,
			);
			buildRules = (
			);
			dependencies = (
				BAD6B7E91AA5EEAF00022AB0 /* PBXTargetDependency */,
			);
			name = IOS_001Tests;
			productName = IOS_001Tests;
			productReference = BAD6B7E71AA5EEAF00022AB0 /* IOS_001Tests.xctest */;
			productType = "com.apple.product-type.bundle.unit-test";
		};
/* End PBXNativeTarget section */

/* Begin PBXProject section */
		BAD6B7C61AA5EEAF00022AB0 /* Project object */ = {
			isa = PBXProject;
			attributes = {
				LastUpgradeCheck = 0610;
				ORGANIZATIONNAME = lynn;
				TargetAttributes = {
					BAD6B7CD1AA5EEAF00022AB0 = {
						CreatedOnToolsVersion = 6.1.1;
					};
					BAD6B7E61AA5EEAF00022AB0 = {
						CreatedOnToolsVersion = 6.1.1;
						TestTargetID = BAD6B7CD1AA5EEAF00022AB0;
					};
				};
			};
			buildConfigurationList = BAD6B7C91AA5EEAF00022AB0 /* Build configuration list for PBXProject "IOS_001" */;
			compatibilityVersion = "Xcode 3.2";
			developmentRegion = English;
			hasScannedForEncodings = 0;
			knownRegions = (
				en,
				Base,
			);
			mainGroup = BAD6B7C51AA5EEAF00022AB0;
			productRefGroup = BAD6B7CF1AA5EEAF00022AB0 /* Products */;
			projectDirPath = "";
			projectRoot = "";
			targets = (
				BAD6B7CD1AA5EEAF00022AB0 /* IOS_001 */,
				BAD6B7E61AA5EEAF00022AB0 /* IOS_001Tests */,
			);
		};
/* End PBXProject section */

/* Begin PBXResourcesBuildPhase section */
		BAD6B7CC1AA5EEAF00022AB0 /* Resources */ = {
			isa = PBXResourcesBuildPhase;
			buildActionMask = 2147483647;
			files = (
				BAD6B7DD1AA5EEAF00022AB0 /* Main.storyboard in Resources */,
				BAD6B7E21AA5EEAF00022AB0 /* LaunchScreen.xib in Resources */,
				BAD6B7DF1AA5EEAF00022AB0 /* Images.xcassets in Resources */,
			);
			runOnlyForDeploymentPostprocessing = 0;
		};
		BAD6B7E51AA5EEAF00022AB0 /* Resources */ = {
			isa = PBXResourcesBuildPhase;
			buildActionMask = 2147483647;
			files = (
			);
			runOnlyForDeploymentPostprocessing = 0;
		};
/* End PBXResourcesBuildPhase section */

/* Begin PBXSourcesBuildPhase section */
		BAD6B7CA1AA5EEAF00022AB0 /* Sources */ = {
			isa = PBXSourcesBuildPhase;
			buildActionMask = 2147483647;
			files = (
				BAD6B7DA1AA5EEAF00022AB0 /* ViewController.m in Sources */,
				BAD6B7D71AA5EEAF00022AB0 /* AppDelegate.m in Sources */,
				BAD6B7D41AA5EEAF00022AB0 /* main.m in Sources */,
			);
			runOnlyForDeploymentPostprocessing = 0;
		};
		BAD6B7E31AA5EEAF00022AB0 /* Sources */ = {
			isa = PBXSourcesBuildPhase;
			buildActionMask = 2147483647;
			files = (
				BAD6B7EE1AA5EEAF00022AB0 /* IOS_001Tests.m in Sources */,
			);
			runOnlyForDeploymentPostprocessing = 0;
		};
/* End PBXSourcesBuildPhase section */

/* Begin PBXTargetDependency section */
		BAD6B7E91AA5EEAF00022AB0 /* PBXTargetDependency */ = {
			isa = PBXTargetDependency;
			target = BAD6B7CD1AA5EEAF00022AB0 /* IOS_001 */;
			targetProxy = BAD6B7E81AA5EEAF00022AB0 /* PBXContainerItemProxy */;
		};
/* End PBXTargetDependency section */

/* Begin PBXVariantGroup section */
		BAD6B7DB1AA5EEAF00022AB0 /* Main.storyboard */ = {
			isa = PBXVariantGroup;
			children = (
				BAD6B7DC1AA5EEAF00022AB0 /* Base */,
			);
			name = Main.storyboard;
			sourceTree = "<group>";
		};
		BAD6B7E01AA5EEAF00022AB0 /* LaunchScreen.xib */ = {
			isa = PBXVariantGroup;
			children = (
				BAD6B7E11AA5EEAF00022AB0 /* Base */,
			);
			name = LaunchScreen.xib;
			sourceTree = "<group>";
		};
/* End PBXVariantGroup section */

/* Begin XCBuildConfiguration section */
		BAD6B7EF1AA5EEAF00022AB0 /* Debug */ = {
			isa = XCBuildConfiguration;
			buildSettings = {
				ALWAYS_SEARCH_USER_PATHS = NO;
				CLANG_CXX_LANGUAGE_STANDARD = "gnu++0x";
				CLANG_CXX_LIBRARY = "libc++";
				CLANG_ENABLE_MODULES = YES;
				CLANG_ENABLE_OBJC_ARC = YES;
				CLANG_WARN_BOOL_CONVERSION = YES;
				CLANG_WARN_CONSTANT_CONVERSION = YES;
				CLANG_WARN_DIRECT_OBJC_ISA_USAGE = YES_ERROR;
				CLANG_WARN_EMPTY_BODY = YES;
				CLANG_WARN_ENUM_CONVERSION = YES;
				CLANG_WARN_INT_CONVERSION = YES;
				CLANG_WARN_OBJC_ROOT_CLASS = YES_ERROR;
				CLANG_WARN_UNREACHABLE_CODE = YES;
				CLANG_WARN__DUPLICATE_METHOD_MATCH = YES;
				"CODE_SIGN_IDENTITY[sdk=iphoneos*]" = "iPhone Developer";
				COPY_PHASE_STRIP = NO;
				ENABLE_STRICT_OBJC_MSGSEND = YES;
				GCC_C_LANGUAGE_STANDARD = gnu99;
				GCC_DYNAMIC_NO_PIC = NO;
				GCC_OPTIMIZATION_LEVEL = 0;
				GCC_PREPROCESSOR_DEFINITIONS = (
					"DEBUG=1",
					"$(inherited)",
				);
				GCC_SYMBOLS_PRIVATE_EXTERN = NO;
				GCC_WARN_64_TO_32_BIT_CONVERSION = YES;
				GCC_WARN_ABOUT_RETURN_TYPE = YES_ERROR;
				GCC_WARN_UNDECLARED_SELECTOR = YES;
				GCC_WARN_UNINITIALIZED_AUTOS = YES_AGGRESSIVE;
				GCC_WARN_UNUSED_FUNCTION = YES;
				GCC_WARN_UNUSED_VARIABLE = YES;
				IPHONEOS_DEPLOYMENT_TARGET = 8.1;
				MTL_ENABLE_DEBUG_INFO = YES;
				ONLY_ACTIVE_ARCH = YES;
				SDKROOT = iphoneos;
			};
			name = Debug;
		};
		BAD6B7F01AA5EEAF00022AB0 /* Release */ = {
			isa = XCBuildConfiguration;
			buildSettings = {
				ALWAYS_SEARCH_USER_PATHS = NO;
				CLANG_CXX_LANGUAGE_STANDARD = "gnu++0x";
				CLANG_CXX_LIBRARY = "libc++";
				CLANG_ENABLE_MODULES = YES;
				CLANG_ENABLE_OBJC_ARC = YES;
				CLANG_WARN_BOOL_CONVERSION = YES;
				CLANG_WARN_CONSTANT_CONVERSION = YES;
				CLANG_WARN_DIRECT_OBJC_ISA_USAGE = YES_ERROR;
				CLANG_WARN_EMPTY_BODY = YES;
				CLANG_WARN_ENUM_CONVERSION = YES;
				CLANG_WARN_INT_CONVERSION = YES;
				CLANG_WARN_OBJC_ROOT_CLASS = YES_ERROR;
				CLANG_WARN_UNREACHABLE_CODE = YES;
				CLANG_WARN__DUPLICATE_METHOD_MATCH = YES;
				"CODE_SIGN_IDENTITY[sdk=iphoneos*]" = "iPhone Developer";
				COPY_PHASE_STRIP = YES;
				ENABLE_NS_ASSERTIONS = NO;
				ENABLE_STRICT_OBJC_MSGSEND = YES;
				GCC_C_LANGUAGE_STANDARD = gnu99;
				GCC_WARN_64_TO_32_BIT_CONVERSION = YES;
				GCC_WARN_ABOUT_RETURN_TYPE = YES_ERROR;
				GCC_WARN_UNDECLARED_SELECTOR = YES;
				GCC_WARN_UNINITIALIZED_AUTOS = YES_AGGRESSIVE;
				GCC_WARN_UNUSED_FUNCTION = YES;
				GCC_WARN_UNUSED_VARIABLE = YES;
				IPHONEOS_DEPLOYMENT_TARGET = 8.1;
				MTL_ENABLE_DEBUG_INFO = NO;
				SDKROOT = iphoneos;
				VALIDATE_PRODUCT = YES;
			};
			name = Release;
		};
		BAD6B7F21AA5EEAF00022AB0 /* Debug */ = {
			isa = XCBuildConfiguration;
			buildSettings = {
				ASSETCATALOG_COMPILER_APPICON_NAME = AppIcon;
				INFOPLIST_FILE = IOS_001/Info.plist;
				LD_RUNPATH_SEARCH_PATHS = "$(inherited) @executable_path/Frameworks";
				PRODUCT_NAME = "$(TARGET_NAME)";
			};
			name = Debug;
		};
		BAD6B7F31AA5EEAF00022AB0 /* Release */ = {
			isa = XCBuildConfiguration;
			buildSettings = {
				ASSETCATALOG_COMPILER_APPICON_NAME = AppIcon;
				INFOPLIST_FILE = IOS_001/Info.plist;
				LD_RUNPATH_SEARCH_PATHS = "$(inherited) @executable_path/Frameworks";
				PRODUCT_NAME = "$(TARGET_NAME)";
			};
			name = Release;
		};
		BAD6B7F51AA5EEAF00022AB0 /* Debug */ = {
			isa = XCBuildConfiguration;
			buildSettings = {
				BUNDLE_LOADER = "$(TEST_HOST)";
				FRAMEWORK_SEARCH_PATHS = (
					"$(SDKROOT)/Developer/Library/Frameworks",
					"$(inherited)",
				);
				GCC_PREPROCESSOR_DEFINITIONS = (
					"DEBUG=1",
					"$(inherited)",
				);
				INFOPLIST_FILE = IOS_001Tests/Info.plist;
				LD_RUNPATH_SEARCH_PATHS = "$(inherited) @executable_path/Frameworks @loader_path/Frameworks";
				PRODUCT_NAME = "$(TARGET_NAME)";
				TEST_HOST = "$(BUILT_PRODUCTS_DIR)/IOS_001.app/IOS_001";
			};
			name = Debug;
		};
		BAD6B7F61AA5EEAF00022AB0 /* Release */ = {
			isa = XCBuildConfiguration;
			buildSettings = {
				BUNDLE_LOADER = "$(TEST_HOST)";
				FRAMEWORK_SEARCH_PATHS = (
					"$(SDKROOT)/Developer/Library/Frameworks",
					"$(inherited)",
				);
				INFOPLIST_FILE = IOS_001Tests/Info.plist;
				LD_RUNPATH_SEARCH_PATHS = "$(inherited) @executable_path/Frameworks @loader_path/Frameworks";
				PRODUCT_NAME = "$(TARGET_NAME)";
				TEST_HOST = "$(BUILT_PRODUCTS_DIR)/IOS_001.app/IOS_001";
			};
			name = Release;
		};
/* End XCBuildConfiguration section */

/* Begin XCConfigurationList section */
		BAD6B7C91AA5EEAF00022AB0 /* Build configuration list for PBXProject "IOS_001" */ = {
			isa = XCConfigurationList;
			buildConfigurations = (
				BAD6B7EF1AA5EEAF00022AB0 /* Debug */,
				BAD6B7F01AA5EEAF00022AB0 /* Release */,
			);
			defaultConfigurationIsVisible = 0;
			defaultConfigurationName = Release;
		};
		BAD6B7F11AA5EEAF00022AB0 /* Build configuration list for PBXNativeTarget "IOS_001" */ = {
			isa = XCConfigurationList;
			buildConfigurations = (
				BAD6B7F21AA5EEAF00022AB0 /* Debug */,
				BAD6B7F31AA5EEAF00022AB0 /* Release */,
			);
			defaultConfigurationIsVisible = 0;
		};
		BAD6B7F41AA5EEAF00022AB0 /* Build configuration list for PBXNativeTarget "IOS_001Tests" */ = {
			isa = XCConfigurationList;
			buildConfigurations = (
				BAD6B7F51AA5EEAF00022AB0 /* Debug */,
				BAD6B7F61AA5EEAF00022AB0 /* Release */,
			);
			defaultConfigurationIsVisible = 0;
		};
/* End XCConfigurationList section */
	};
	rootObject = BAD6B7C61AA5EEAF00022AB0 /* Project object */;
}
