// !$*UTF8*$!
{
	archiveVersion = 1;
	classes = {
	};
	objectVersion = 46;
	objects = {

/* Begin PBXBuildFile section */
		BA92C4D71B45FB0F00C6DF6D /* main.m in Sources */ = {isa = PBXBuildFile; fileRef = BA92C4D61B45FB0F00C6DF6D /* main.m */; };
		BA92C4DA1B45FB0F00C6DF6D /* AppDelegate.m in Sources */ = {isa = PBXBuildFile; fileRef = BA92C4D91B45FB0F00C6DF6D /* AppDelegate.m */; };
		BA92C4DD1B45FB0F00C6DF6D /* ViewController.m in Sources */ = {isa = PBXBuildFile; fileRef = BA92C4DC1B45FB0F00C6DF6D /* ViewController.m */; };
		BA92C4E01B45FB0F00C6DF6D /* Main.storyboard in Resources */ = {isa = PBXBuildFile; fileRef = BA92C4DE1B45FB0F00C6DF6D /* Main.storyboard */; };
		BA92C4E21B45FB0F00C6DF6D /* Images.xcassets in Resources */ = {isa = PBXBuildFile; fileRef = BA92C4E11B45FB0F00C6DF6D /* Images.xcassets */; };
		BA92C4E51B45FB0F00C6DF6D /* LaunchScreen.xib in Resources */ = {isa = PBXBuildFile; fileRef = BA92C4E31B45FB0F00C6DF6D /* LaunchScreen.xib */; };
		BA92C4F11B45FB0F00C6DF6D /* jsonDemoTests.m in Sources */ = {isa = PBXBuildFile; fileRef = BA92C4F01B45FB0F00C6DF6D /* jsonDemoTests.m */; };
		BA92C5361B45FBF000C6DF6D /* ASIAuthenticationDialog.m in Sources */ = {isa = PBXBuildFile; fileRef = BA92C5231B45FBF000C6DF6D /* ASIAuthenticationDialog.m */; };
		BA92C5371B45FBF000C6DF6D /* ASIDataCompressor.m in Sources */ = {isa = PBXBuildFile; fileRef = BA92C5261B45FBF000C6DF6D /* ASIDataCompressor.m */; };
		BA92C5381B45FBF000C6DF6D /* ASIDataDecompressor.m in Sources */ = {isa = PBXBuildFile; fileRef = BA92C5281B45FBF000C6DF6D /* ASIDataDecompressor.m */; };
		BA92C5391B45FBF000C6DF6D /* ASIDownloadCache.m in Sources */ = {isa = PBXBuildFile; fileRef = BA92C52A1B45FBF000C6DF6D /* ASIDownloadCache.m */; };
		BA92C53A1B45FBF000C6DF6D /* ASIFormDataRequest.m in Sources */ = {isa = PBXBuildFile; fileRef = BA92C52C1B45FBF000C6DF6D /* ASIFormDataRequest.m */; };
		BA92C53B1B45FBF000C6DF6D /* ASIHTTPRequest.m in Sources */ = {isa = PBXBuildFile; fileRef = BA92C52E1B45FBF000C6DF6D /* ASIHTTPRequest.m */; };
		BA92C53C1B45FBF000C6DF6D /* ASIInputStream.m in Sources */ = {isa = PBXBuildFile; fileRef = BA92C5321B45FBF000C6DF6D /* ASIInputStream.m */; };
		BA92C53D1B45FBF000C6DF6D /* ASINetworkQueue.m in Sources */ = {isa = PBXBuildFile; fileRef = BA92C5341B45FBF000C6DF6D /* ASINetworkQueue.m */; };
		BA92C5401B45FC2000C6DF6D /* Reachability.m in Sources */ = {isa = PBXBuildFile; fileRef = BA92C53F1B45FC2000C6DF6D /* Reachability.m */; };
		BA92C5431B45FC4500C6DF6D /* MBProgressHUD.m in Sources */ = {isa = PBXBuildFile; fileRef = BA92C5421B45FC4500C6DF6D /* MBProgressHUD.m */; };
		BA92C55D1B45FC6700C6DF6D /* NSObject+SBJson.m in Sources */ = {isa = PBXBuildFile; fileRef = BA92C5451B45FC6700C6DF6D /* NSObject+SBJson.m */; };
		BA92C55E1B45FC6700C6DF6D /* SBJsonParser.m in Sources */ = {isa = PBXBuildFile; fileRef = BA92C5481B45FC6700C6DF6D /* SBJsonParser.m */; };
		BA92C55F1B45FC6700C6DF6D /* SBJsonStreamParser.m in Sources */ = {isa = PBXBuildFile; fileRef = BA92C54A1B45FC6700C6DF6D /* SBJsonStreamParser.m */; };
		BA92C5601B45FC6700C6DF6D /* SBJsonStreamParserAccumulator.m in Sources */ = {isa = PBXBuildFile; fileRef = BA92C54C1B45FC6700C6DF6D /* SBJsonStreamParserAccumulator.m */; };
		BA92C5611B45FC6700C6DF6D /* SBJsonStreamParserAdapter.m in Sources */ = {isa = PBXBuildFile; fileRef = BA92C54E1B45FC6700C6DF6D /* SBJsonStreamParserAdapter.m */; };
		BA92C5621B45FC6700C6DF6D /* SBJsonStreamParserState.m in Sources */ = {isa = PBXBuildFile; fileRef = BA92C5501B45FC6700C6DF6D /* SBJsonStreamParserState.m */; };
		BA92C5631B45FC6700C6DF6D /* SBJsonStreamWriter.m in Sources */ = {isa = PBXBuildFile; fileRef = BA92C5521B45FC6700C6DF6D /* SBJsonStreamWriter.m */; };
		BA92C5641B45FC6700C6DF6D /* SBJsonStreamWriterAccumulator.m in Sources */ = {isa = PBXBuildFile; fileRef = BA92C5541B45FC6700C6DF6D /* SBJsonStreamWriterAccumulator.m */; };
		BA92C5651B45FC6700C6DF6D /* SBJsonStreamWriterState.m in Sources */ = {isa = PBXBuildFile; fileRef = BA92C5561B45FC6700C6DF6D /* SBJsonStreamWriterState.m */; };
		BA92C5661B45FC6700C6DF6D /* SBJsonTokeniser.m in Sources */ = {isa = PBXBuildFile; fileRef = BA92C5581B45FC6700C6DF6D /* SBJsonTokeniser.m */; };
		BA92C5671B45FC6700C6DF6D /* SBJsonUTF8Stream.m in Sources */ = {isa = PBXBuildFile; fileRef = BA92C55A1B45FC6700C6DF6D /* SBJsonUTF8Stream.m */; };
		BA92C5681B45FC6700C6DF6D /* SBJsonWriter.m in Sources */ = {isa = PBXBuildFile; fileRef = BA92C55C1B45FC6700C6DF6D /* SBJsonWriter.m */; };
		BA92C56A1B45FCD200C6DF6D /* CFNetwork.framework in Frameworks */ = {isa = PBXBuildFile; fileRef = BA92C5691B45FCD200C6DF6D /* CFNetwork.framework */; };
		BA92C56C1B45FCDE00C6DF6D /* SystemConfiguration.framework in Frameworks */ = {isa = PBXBuildFile; fileRef = BA92C56B1B45FCDE00C6DF6D /* SystemConfiguration.framework */; };
		BA92C56E1B45FCEA00C6DF6D /* MobileCoreServices.framework in Frameworks */ = {isa = PBXBuildFile; fileRef = BA92C56D1B45FCEA00C6DF6D /* MobileCoreServices.framework */; };
		BA92C5701B45FCFA00C6DF6D /* libz.1.2.5.dylib in Frameworks */ = {isa = PBXBuildFile; fileRef = BA92C56F1B45FCFA00C6DF6D /* libz.1.2.5.dylib */; };
/* End PBXBuildFile section */

/* Begin PBXContainerItemProxy section */
		BA92C4EB1B45FB0F00C6DF6D /* PBXContainerItemProxy */ = {
			isa = PBXContainerItemProxy;
			containerPortal = BA92C4C91B45FB0F00C6DF6D /* Project object */;
			proxyType = 1;
			remoteGlobalIDString = BA92C4D01B45FB0F00C6DF6D;
			remoteInfo = jsonDemo;
		};
/* End PBXContainerItemProxy section */

/* Begin PBXFileReference section */
		BA92C4D11B45FB0F00C6DF6D /* jsonDemo.app */ = {isa = PBXFileReference; explicitFileType = wrapper.application; includeInIndex = 0; path = jsonDemo.app; sourceTree = BUILT_PRODUCTS_DIR; };
		BA92C4D51B45FB0F00C6DF6D /* Info.plist */ = {isa = PBXFileReference; lastKnownFileType = text.plist.xml; path = Info.plist; sourceTree = "<group>"; };
		BA92C4D61B45FB0F00C6DF6D /* main.m */ = {isa = PBXFileReference; lastKnownFileType = sourcecode.c.objc; path = main.m; sourceTree = "<group>"; };
		BA92C4D81B45FB0F00C6DF6D /* AppDelegate.h */ = {isa = PBXFileReference; lastKnownFileType = sourcecode.c.h; path = AppDelegate.h; sourceTree = "<group>"; };
		BA92C4D91B45FB0F00C6DF6D /* AppDelegate.m */ = {isa = PBXFileReference; lastKnownFileType = sourcecode.c.objc; path = AppDelegate.m; sourceTree = "<group>"; };
		BA92C4DB1B45FB0F00C6DF6D /* ViewController.h */ = {isa = PBXFileReference; lastKnownFileType = sourcecode.c.h; path = ViewController.h; sourceTree = "<group>"; };
		BA92C4DC1B45FB0F00C6DF6D /* ViewController.m */ = {isa = PBXFileReference; lastKnownFileType = sourcecode.c.objc; path = ViewController.m; sourceTree = "<group>"; };
		BA92C4DF1B45FB0F00C6DF6D /* Base */ = {isa = PBXFileReference; lastKnownFileType = file.storyboard; name = Base; path = Base.lproj/Main.storyboard; sourceTree = "<group>"; };
		BA92C4E11B45FB0F00C6DF6D /* Images.xcassets */ = {isa = PBXFileReference; lastKnownFileType = folder.assetcatalog; path = Images.xcassets; sourceTree = "<group>"; };
		BA92C4E41B45FB0F00C6DF6D /* Base */ = {isa = PBXFileReference; lastKnownFileType = file.xib; name = Base; path = Base.lproj/LaunchScreen.xib; sourceTree = "<group>"; };
		BA92C4EA1B45FB0F00C6DF6D /* jsonDemoTests.xctest */ = {isa = PBXFileReference; explicitFileType = wrapper.cfbundle; includeInIndex = 0; path = jsonDemoTests.xctest; sourceTree = BUILT_PRODUCTS_DIR; };
		BA92C4EF1B45FB0F00C6DF6D /* Info.plist */ = {isa = PBXFileReference; lastKnownFileType = text.plist.xml; path = Info.plist; sourceTree = "<group>"; };
		BA92C4F01B45FB0F00C6DF6D /* jsonDemoTests.m */ = {isa = PBXFileReference; lastKnownFileType = sourcecode.c.objc; path = jsonDemoTests.m; sourceTree = "<group>"; };
		BA92C5221B45FBF000C6DF6D /* ASIAuthenticationDialog.h */ = {isa = PBXFileReference; fileEncoding = 4; lastKnownFileType = sourcecode.c.h; path = ASIAuthenticationDialog.h; sourceTree = "<group>"; };
		BA92C5231B45FBF000C6DF6D /* ASIAuthenticationDialog.m */ = {isa = PBXFileReference; fileEncoding = 4; lastKnownFileType = sourcecode.c.objc; path = ASIAuthenticationDialog.m; sourceTree = "<group>"; };
		BA92C5241B45FBF000C6DF6D /* ASICacheDelegate.h */ = {isa = PBXFileReference; fileEncoding = 4; lastKnownFileType = sourcecode.c.h; path = ASICacheDelegate.h; sourceTree = "<group>"; };
		BA92C5251B45FBF000C6DF6D /* ASIDataCompressor.h */ = {isa = PBXFileReference; fileEncoding = 4; lastKnownFileType = sourcecode.c.h; path = ASIDataCompressor.h; sourceTree = "<group>"; };
		BA92C5261B45FBF000C6DF6D /* ASIDataCompressor.m */ = {isa = PBXFileReference; fileEncoding = 4; lastKnownFileType = sourcecode.c.objc; path = ASIDataCompressor.m; sourceTree = "<group>"; };
		BA92C5271B45FBF000C6DF6D /* ASIDataDecompressor.h */ = {isa = PBXFileReference; fileEncoding = 4; lastKnownFileType = sourcecode.c.h; path = ASIDataDecompressor.h; sourceTree = "<group>"; };
		BA92C5281B45FBF000C6DF6D /* ASIDataDecompressor.m */ = {isa = PBXFileReference; fileEncoding = 4; lastKnownFileType = sourcecode.c.objc; path = ASIDataDecompressor.m; sourceTree = "<group>"; };
		BA92C5291B45FBF000C6DF6D /* ASIDownloadCache.h */ = {isa = PBXFileReference; fileEncoding = 4; lastKnownFileType = sourcecode.c.h; path = ASIDownloadCache.h; sourceTree = "<group>"; };
		BA92C52A1B45FBF000C6DF6D /* ASIDownloadCache.m */ = {isa = PBXFileReference; fileEncoding = 4; lastKnownFileType = sourcecode.c.objc; path = ASIDownloadCache.m; sourceTree = "<group>"; };
		BA92C52B1B45FBF000C6DF6D /* ASIFormDataRequest.h */ = {isa = PBXFileReference; fileEncoding = 4; lastKnownFileType = sourcecode.c.h; path = ASIFormDataRequest.h; sourceTree = "<group>"; };
		BA92C52C1B45FBF000C6DF6D /* ASIFormDataRequest.m */ = {isa = PBXFileReference; fileEncoding = 4; lastKnownFileType = sourcecode.c.objc; path = ASIFormDataRequest.m; sourceTree = "<group>"; };
		BA92C52D1B45FBF000C6DF6D /* ASIHTTPRequest.h */ = {isa = PBXFileReference; fileEncoding = 4; lastKnownFileType = sourcecode.c.h; path = ASIHTTPRequest.h; sourceTree = "<group>"; };
		BA92C52E1B45FBF000C6DF6D /* ASIHTTPRequest.m */ = {isa = PBXFileReference; fileEncoding = 4; lastKnownFileType = sourcecode.c.objc; path = ASIHTTPRequest.m; sourceTree = "<group>"; };
		BA92C52F1B45FBF000C6DF6D /* ASIHTTPRequestConfig.h */ = {isa = PBXFileReference; fileEncoding = 4; lastKnownFileType = sourcecode.c.h; path = ASIHTTPRequestConfig.h; sourceTree = "<group>"; };
		BA92C5301B45FBF000C6DF6D /* ASIHTTPRequestDelegate.h */ = {isa = PBXFileReference; fileEncoding = 4; lastKnownFileType = sourcecode.c.h; path = ASIHTTPRequestDelegate.h; sourceTree = "<group>"; };
		BA92C5311B45FBF000C6DF6D /* ASIInputStream.h */ = {isa = PBXFileReference; fileEncoding = 4; lastKnownFileType = sourcecode.c.h; path = ASIInputStream.h; sourceTree = "<group>"; };
		BA92C5321B45FBF000C6DF6D /* ASIInputStream.m */ = {isa = PBXFileReference; fileEncoding = 4; lastKnownFileType = sourcecode.c.objc; path = ASIInputStream.m; sourceTree = "<group>"; };
		BA92C5331B45FBF000C6DF6D /* ASINetworkQueue.h */ = {isa = PBXFileReference; fileEncoding = 4; lastKnownFileType = sourcecode.c.h; path = ASINetworkQueue.h; sourceTree = "<group>"; };
		BA92C5341B45FBF000C6DF6D /* ASINetworkQueue.m */ = {isa = PBXFileReference; fileEncoding = 4; lastKnownFileType = sourcecode.c.objc; path = ASINetworkQueue.m; sourceTree = "<group>"; };
		BA92C5351B45FBF000C6DF6D /* ASIProgressDelegate.h */ = {isa = PBXFileReference; fileEncoding = 4; lastKnownFileType = sourcecode.c.h; path = ASIProgressDelegate.h; sourceTree = "<group>"; };
		BA92C53E1B45FC2000C6DF6D /* Reachability.h */ = {isa = PBXFileReference; fileEncoding = 4; lastKnownFileType = sourcecode.c.h; path = Reachability.h; sourceTree = "<group>"; };
		BA92C53F1B45FC2000C6DF6D /* Reachability.m */ = {isa = PBXFileReference; fileEncoding = 4; lastKnownFileType = sourcecode.c.objc; path = Reachability.m; sourceTree = "<group>"; };
		BA92C5411B45FC4500C6DF6D /* MBProgressHUD.h */ = {isa = PBXFileReference; fileEncoding = 4; lastKnownFileType = sourcecode.c.h; path = MBProgressHUD.h; sourceTree = "<group>"; };
		BA92C5421B45FC4500C6DF6D /* MBProgressHUD.m */ = {isa = PBXFileReference; fileEncoding = 4; lastKnownFileType = sourcecode.c.objc; path = MBProgressHUD.m; sourceTree = "<group>"; };
		BA92C5441B45FC6700C6DF6D /* NSObject+SBJson.h */ = {isa = PBXFileReference; fileEncoding = 4; lastKnownFileType = sourcecode.c.h; path = "NSObject+SBJson.h"; sourceTree = "<group>"; };
		BA92C5451B45FC6700C6DF6D /* NSObject+SBJson.m */ = {isa = PBXFileReference; fileEncoding = 4; lastKnownFileType = sourcecode.c.objc; path = "NSObject+SBJson.m"; sourceTree = "<group>"; };
		BA92C5461B45FC6700C6DF6D /* SBJson.h */ = {isa = PBXFileReference; fileEncoding = 4; lastKnownFileType = sourcecode.c.h; path = SBJson.h; sourceTree = "<group>"; };
		BA92C5471B45FC6700C6DF6D /* SBJsonParser.h */ = {isa = PBXFileReference; fileEncoding = 4; lastKnownFileType = sourcecode.c.h; path = SBJsonParser.h; sourceTree = "<group>"; };
		BA92C5481B45FC6700C6DF6D /* SBJsonParser.m */ = {isa = PBXFileReference; fileEncoding = 4; lastKnownFileType = sourcecode.c.objc; path = SBJsonParser.m; sourceTree = "<group>"; };
		BA92C5491B45FC6700C6DF6D /* SBJsonStreamParser.h */ = {isa = PBXFileReference; fileEncoding = 4; lastKnownFileType = sourcecode.c.h; path = SBJsonStreamParser.h; sourceTree = "<group>"; };
		BA92C54A1B45FC6700C6DF6D /* SBJsonStreamParser.m */ = {isa = PBXFileReference; fileEncoding = 4; lastKnownFileType = sourcecode.c.objc; path = SBJsonStreamParser.m; sourceTree = "<group>"; };
		BA92C54B1B45FC6700C6DF6D /* SBJsonStreamParserAccumulator.h */ = {isa = PBXFileReference; fileEncoding = 4; lastKnownFileType = sourcecode.c.h; path = SBJsonStreamParserAccumulator.h; sourceTree = "<group>"; };
		BA92C54C1B45FC6700C6DF6D /* SBJsonStreamParserAccumulator.m */ = {isa = PBXFileReference; fileEncoding = 4; lastKnownFileType = sourcecode.c.objc; path = SBJsonStreamParserAccumulator.m; sourceTree = "<group>"; };
		BA92C54D1B45FC6700C6DF6D /* SBJsonStreamParserAdapter.h */ = {isa = PBXFileReference; fileEncoding = 4; lastKnownFileType = sourcecode.c.h; path = SBJsonStreamParserAdapter.h; sourceTree = "<group>"; };
		BA92C54E1B45FC6700C6DF6D /* SBJsonStreamParserAdapter.m */ = {isa = PBXFileReference; fileEncoding = 4; lastKnownFileType = sourcecode.c.objc; path = SBJsonStreamParserAdapter.m; sourceTree = "<group>"; };
		BA92C54F1B45FC6700C6DF6D /* SBJsonStreamParserState.h */ = {isa = PBXFileReference; fileEncoding = 4; lastKnownFileType = sourcecode.c.h; path = SBJsonStreamParserState.h; sourceTree = "<group>"; };
		BA92C5501B45FC6700C6DF6D /* SBJsonStreamParserState.m */ = {isa = PBXFileReference; fileEncoding = 4; lastKnownFileType = sourcecode.c.objc; path = SBJsonStreamParserState.m; sourceTree = "<group>"; };
		BA92C5511B45FC6700C6DF6D /* SBJsonStreamWriter.h */ = {isa = PBXFileReference; fileEncoding = 4; lastKnownFileType = sourcecode.c.h; path = SBJsonStreamWriter.h; sourceTree = "<group>"; };
		BA92C5521B45FC6700C6DF6D /* SBJsonStreamWriter.m */ = {isa = PBXFileReference; fileEncoding = 4; lastKnownFileType = sourcecode.c.objc; path = SBJsonStreamWriter.m; sourceTree = "<group>"; };
		BA92C5531B45FC6700C6DF6D /* SBJsonStreamWriterAccumulator.h */ = {isa = PBXFileReference; fileEncoding = 4; lastKnownFileType = sourcecode.c.h; path = SBJsonStreamWriterAccumulator.h; sourceTree = "<group>"; };
		BA92C5541B45FC6700C6DF6D /* SBJsonStreamWriterAccumulator.m */ = {isa = PBXFileReference; fileEncoding = 4; lastKnownFileType = sourcecode.c.objc; path = SBJsonStreamWriterAccumulator.m; sourceTree = "<group>"; };
		BA92C5551B45FC6700C6DF6D /* SBJsonStreamWriterState.h */ = {isa = PBXFileReference; fileEncoding = 4; lastKnownFileType = sourcecode.c.h; path = SBJsonStreamWriterState.h; sourceTree = "<group>"; };
		BA92C5561B45FC6700C6DF6D /* SBJsonStreamWriterState.m */ = {isa = PBXFileReference; fileEncoding = 4; lastKnownFileType = sourcecode.c.objc; path = SBJsonStreamWriterState.m; sourceTree = "<group>"; };
		BA92C5571B45FC6700C6DF6D /* SBJsonTokeniser.h */ = {isa = PBXFileReference; fileEncoding = 4; lastKnownFileType = sourcecode.c.h; path = SBJsonTokeniser.h; sourceTree = "<group>"; };
		BA92C5581B45FC6700C6DF6D /* SBJsonTokeniser.m */ = {isa = PBXFileReference; fileEncoding = 4; lastKnownFileType = sourcecode.c.objc; path = SBJsonTokeniser.m; sourceTree = "<group>"; };
		BA92C5591B45FC6700C6DF6D /* SBJsonUTF8Stream.h */ = {isa = PBXFileReference; fileEncoding = 4; lastKnownFileType = sourcecode.c.h; path = SBJsonUTF8Stream.h; sourceTree = "<group>"; };
		BA92C55A1B45FC6700C6DF6D /* SBJsonUTF8Stream.m */ = {isa = PBXFileReference; fileEncoding = 4; lastKnownFileType = sourcecode.c.objc; path = SBJsonUTF8Stream.m; sourceTree = "<group>"; };
		BA92C55B1B45FC6700C6DF6D /* SBJsonWriter.h */ = {isa = PBXFileReference; fileEncoding = 4; lastKnownFileType = sourcecode.c.h; path = SBJsonWriter.h; sourceTree = "<group>"; };
		BA92C55C1B45FC6700C6DF6D /* SBJsonWriter.m */ = {isa = PBXFileReference; fileEncoding = 4; lastKnownFileType = sourcecode.c.objc; path = SBJsonWriter.m; sourceTree = "<group>"; };
		BA92C5691B45FCD200C6DF6D /* CFNetwork.framework */ = {isa = PBXFileReference; lastKnownFileType = wrapper.framework; name = CFNetwork.framework; path = System/Library/Frameworks/CFNetwork.framework; sourceTree = SDKROOT; };
		BA92C56B1B45FCDE00C6DF6D /* SystemConfiguration.framework */ = {isa = PBXFileReference; lastKnownFileType = wrapper.framework; name = SystemConfiguration.framework; path = System/Library/Frameworks/SystemConfiguration.framework; sourceTree = SDKROOT; };
		BA92C56D1B45FCEA00C6DF6D /* MobileCoreServices.framework */ = {isa = PBXFileReference; lastKnownFileType = wrapper.framework; name = MobileCoreServices.framework; path = System/Library/Frameworks/MobileCoreServices.framework; sourceTree = SDKROOT; };
		BA92C56F1B45FCFA00C6DF6D /* libz.1.2.5.dylib */ = {isa = PBXFileReference; lastKnownFileType = "compiled.mach-o.dylib"; name = libz.1.2.5.dylib; path = usr/lib/libz.1.2.5.dylib; sourceTree = SDKROOT; };
/* End PBXFileReference section */

/* Begin PBXFrameworksBuildPhase section */
		BA92C4CE1B45FB0F00C6DF6D /* Frameworks */ = {
			isa = PBXFrameworksBuildPhase;
			buildActionMask = 2147483647;
			files = (
				BA92C5701B45FCFA00C6DF6D /* libz.1.2.5.dylib in Frameworks */,
				BA92C56E1B45FCEA00C6DF6D /* MobileCoreServices.framework in Frameworks */,
				BA92C56C1B45FCDE00C6DF6D /* SystemConfiguration.framework in Frameworks */,
				BA92C56A1B45FCD200C6DF6D /* CFNetwork.framework in Frameworks */,
			);
			runOnlyForDeploymentPostprocessing = 0;
		};
		BA92C4E71B45FB0F00C6DF6D /* Frameworks */ = {
			isa = PBXFrameworksBuildPhase;
			buildActionMask = 2147483647;
			files = (
			);
			runOnlyForDeploymentPostprocessing = 0;
		};
/* End PBXFrameworksBuildPhase section */

/* Begin PBXGroup section */
		BA92C4C81B45FB0F00C6DF6D = {
			isa = PBXGroup;
			children = (
				BA92C56F1B45FCFA00C6DF6D /* libz.1.2.5.dylib */,
				BA92C56D1B45FCEA00C6DF6D /* MobileCoreServices.framework */,
				BA92C56B1B45FCDE00C6DF6D /* SystemConfiguration.framework */,
				BA92C5691B45FCD200C6DF6D /* CFNetwork.framework */,
				BA92C4FC1B45FB4D00C6DF6D /* MBProgressHUD */,
				BA92C4FB1B45FB2900C6DF6D /* ASIHTTPRequest */,
				BA92C4FA1B45FB1800C6DF6D /* JSON */,
				BA92C4D31B45FB0F00C6DF6D /* jsonDemo */,
				BA92C4ED1B45FB0F00C6DF6D /* jsonDemoTests */,
				BA92C4D21B45FB0F00C6DF6D /* Products */,
			);
			sourceTree = "<group>";
		};
		BA92C4D21B45FB0F00C6DF6D /* Products */ = {
			isa = PBXGroup;
			children = (
				BA92C4D11B45FB0F00C6DF6D /* jsonDemo.app */,
				BA92C4EA1B45FB0F00C6DF6D /* jsonDemoTests.xctest */,
			);
			name = Products;
			sourceTree = "<group>";
		};
		BA92C4D31B45FB0F00C6DF6D /* jsonDemo */ = {
			isa = PBXGroup;
			children = (
				BA92C4D81B45FB0F00C6DF6D /* AppDelegate.h */,
				BA92C4D91B45FB0F00C6DF6D /* AppDelegate.m */,
				BA92C4DB1B45FB0F00C6DF6D /* ViewController.h */,
				BA92C4DC1B45FB0F00C6DF6D /* ViewController.m */,
				BA92C4DE1B45FB0F00C6DF6D /* Main.storyboard */,
				BA92C4E11B45FB0F00C6DF6D /* Images.xcassets */,
				BA92C4E31B45FB0F00C6DF6D /* LaunchScreen.xib */,
				BA92C4D41B45FB0F00C6DF6D /* Supporting Files */,
			);
			path = jsonDemo;
			sourceTree = "<group>";
		};
		BA92C4D41B45FB0F00C6DF6D /* Supporting Files */ = {
			isa = PBXGroup;
			children = (
				BA92C4D51B45FB0F00C6DF6D /* Info.plist */,
				BA92C4D61B45FB0F00C6DF6D /* main.m */,
			);
			name = "Supporting Files";
			sourceTree = "<group>";
		};
		BA92C4ED1B45FB0F00C6DF6D /* jsonDemoTests */ = {
			isa = PBXGroup;
			children = (
				BA92C4F01B45FB0F00C6DF6D /* jsonDemoTests.m */,
				BA92C4EE1B45FB0F00C6DF6D /* Supporting Files */,
			);
			path = jsonDemoTests;
			sourceTree = "<group>";
		};
		BA92C4EE1B45FB0F00C6DF6D /* Supporting Files */ = {
			isa = PBXGroup;
			children = (
				BA92C4EF1B45FB0F00C6DF6D /* Info.plist */,
			);
			name = "Supporting Files";
			sourceTree = "<group>";
		};
		BA92C4FA1B45FB1800C6DF6D /* JSON */ = {
			isa = PBXGroup;
			children = (
				BA92C5441B45FC6700C6DF6D /* NSObject+SBJson.h */,
				BA92C5451B45FC6700C6DF6D /* NSObject+SBJson.m */,
				BA92C5461B45FC6700C6DF6D /* SBJson.h */,
				BA92C5471B45FC6700C6DF6D /* SBJsonParser.h */,
				BA92C5481B45FC6700C6DF6D /* SBJsonParser.m */,
				BA92C5491B45FC6700C6DF6D /* SBJsonStreamParser.h */,
				BA92C54A1B45FC6700C6DF6D /* SBJsonStreamParser.m */,
				BA92C54B1B45FC6700C6DF6D /* SBJsonStreamParserAccumulator.h */,
				BA92C54C1B45FC6700C6DF6D /* SBJsonStreamParserAccumulator.m */,
				BA92C54D1B45FC6700C6DF6D /* SBJsonStreamParserAdapter.h */,
				BA92C54E1B45FC6700C6DF6D /* SBJsonStreamParserAdapter.m */,
				BA92C54F1B45FC6700C6DF6D /* SBJsonStreamParserState.h */,
				BA92C5501B45FC6700C6DF6D /* SBJsonStreamParserState.m */,
				BA92C5511B45FC6700C6DF6D /* SBJsonStreamWriter.h */,
				BA92C5521B45FC6700C6DF6D /* SBJsonStreamWriter.m */,
				BA92C5531B45FC6700C6DF6D /* SBJsonStreamWriterAccumulator.h */,
				BA92C5541B45FC6700C6DF6D /* SBJsonStreamWriterAccumulator.m */,
				BA92C5551B45FC6700C6DF6D /* SBJsonStreamWriterState.h */,
				BA92C5561B45FC6700C6DF6D /* SBJsonStreamWriterState.m */,
				BA92C5571B45FC6700C6DF6D /* SBJsonTokeniser.h */,
				BA92C5581B45FC6700C6DF6D /* SBJsonTokeniser.m */,
				BA92C5591B45FC6700C6DF6D /* SBJsonUTF8Stream.h */,
				BA92C55A1B45FC6700C6DF6D /* SBJsonUTF8Stream.m */,
				BA92C55B1B45FC6700C6DF6D /* SBJsonWriter.h */,
				BA92C55C1B45FC6700C6DF6D /* SBJsonWriter.m */,
			);
			name = JSON;
			sourceTree = "<group>";
		};
		BA92C4FB1B45FB2900C6DF6D /* ASIHTTPRequest */ = {
			isa = PBXGroup;
			children = (
				BA92C53E1B45FC2000C6DF6D /* Reachability.h */,
				BA92C53F1B45FC2000C6DF6D /* Reachability.m */,
				BA92C5221B45FBF000C6DF6D /* ASIAuthenticationDialog.h */,
				BA92C5231B45FBF000C6DF6D /* ASIAuthenticationDialog.m */,
				BA92C5241B45FBF000C6DF6D /* ASICacheDelegate.h */,
				BA92C5251B45FBF000C6DF6D /* ASIDataCompressor.h */,
				BA92C5261B45FBF000C6DF6D /* ASIDataCompressor.m */,
				BA92C5271B45FBF000C6DF6D /* ASIDataDecompressor.h */,
				BA92C5281B45FBF000C6DF6D /* ASIDataDecompressor.m */,
				BA92C5291B45FBF000C6DF6D /* ASIDownloadCache.h */,
				BA92C52A1B45FBF000C6DF6D /* ASIDownloadCache.m */,
				BA92C52B1B45FBF000C6DF6D /* ASIFormDataRequest.h */,
				BA92C52C1B45FBF000C6DF6D /* ASIFormDataRequest.m */,
				BA92C52D1B45FBF000C6DF6D /* ASIHTTPRequest.h */,
				BA92C52E1B45FBF000C6DF6D /* ASIHTTPRequest.m */,
				BA92C52F1B45FBF000C6DF6D /* ASIHTTPRequestConfig.h */,
				BA92C5301B45FBF000C6DF6D /* ASIHTTPRequestDelegate.h */,
				BA92C5311B45FBF000C6DF6D /* ASIInputStream.h */,
				BA92C5321B45FBF000C6DF6D /* ASIInputStream.m */,
				BA92C5331B45FBF000C6DF6D /* ASINetworkQueue.h */,
				BA92C5341B45FBF000C6DF6D /* ASINetworkQueue.m */,
				BA92C5351B45FBF000C6DF6D /* ASIProgressDelegate.h */,
			);
			name = ASIHTTPRequest;
			sourceTree = "<group>";
		};
		BA92C4FC1B45FB4D00C6DF6D /* MBProgressHUD */ = {
			isa = PBXGroup;
			children = (
				BA92C5411B45FC4500C6DF6D /* MBProgressHUD.h */,
				BA92C5421B45FC4500C6DF6D /* MBProgressHUD.m */,
			);
			name = MBProgressHUD;
			sourceTree = "<group>";
		};
/* End PBXGroup section */

/* Begin PBXNativeTarget section */
		BA92C4D01B45FB0F00C6DF6D /* jsonDemo */ = {
			isa = PBXNativeTarget;
			buildConfigurationList = BA92C4F41B45FB0F00C6DF6D /* Build configuration list for PBXNativeTarget "jsonDemo" */;
			buildPhases = (
				BA92C4CD1B45FB0F00C6DF6D /* Sources */,
				BA92C4CE1B45FB0F00C6DF6D /* Frameworks */,
				BA92C4CF1B45FB0F00C6DF6D /* Resources */,
			);
			buildRules = (
			);
			dependencies = (
			);
			name = jsonDemo;
			productName = jsonDemo;
			productReference = BA92C4D11B45FB0F00C6DF6D /* jsonDemo.app */;
			productType = "com.apple.product-type.application";
		};
		BA92C4E91B45FB0F00C6DF6D /* jsonDemoTests */ = {
			isa = PBXNativeTarget;
			buildConfigurationList = BA92C4F71B45FB0F00C6DF6D /* Build configuration list for PBXNativeTarget "jsonDemoTests" */;
			buildPhases = (
				BA92C4E61B45FB0F00C6DF6D /* Sources */,
				BA92C4E71B45FB0F00C6DF6D /* Frameworks */,
				BA92C4E81B45FB0F00C6DF6D /* Resources */,
			);
			buildRules = (
			);
			dependencies = (
				BA92C4EC1B45FB0F00C6DF6D /* PBXTargetDependency */,
			);
			name = jsonDemoTests;
			productName = jsonDemoTests;
			productReference = BA92C4EA1B45FB0F00C6DF6D /* jsonDemoTests.xctest */;
			productType = "com.apple.product-type.bundle.unit-test";
		};
/* End PBXNativeTarget section */

/* Begin PBXProject section */
		BA92C4C91B45FB0F00C6DF6D /* Project object */ = {
			isa = PBXProject;
			attributes = {
				LastUpgradeCheck = 0630;
				ORGANIZATIONNAME = lynn;
				TargetAttributes = {
					BA92C4D01B45FB0F00C6DF6D = {
						CreatedOnToolsVersion = 6.3.2;
					};
					BA92C4E91B45FB0F00C6DF6D = {
						CreatedOnToolsVersion = 6.3.2;
						TestTargetID = BA92C4D01B45FB0F00C6DF6D;
					};
				};
			};
			buildConfigurationList = BA92C4CC1B45FB0F00C6DF6D /* Build configuration list for PBXProject "jsonDemo" */;
			compatibilityVersion = "Xcode 3.2";
			developmentRegion = English;
			hasScannedForEncodings = 0;
			knownRegions = (
				en,
				Base,
			);
			mainGroup = BA92C4C81B45FB0F00C6DF6D;
			productRefGroup = BA92C4D21B45FB0F00C6DF6D /* Products */;
			projectDirPath = "";
			projectRoot = "";
			targets = (
				BA92C4D01B45FB0F00C6DF6D /* jsonDemo */,
				BA92C4E91B45FB0F00C6DF6D /* jsonDemoTests */,
			);
		};
/* End PBXProject section */

/* Begin PBXResourcesBuildPhase section */
		BA92C4CF1B45FB0F00C6DF6D /* Resources */ = {
			isa = PBXResourcesBuildPhase;
			buildActionMask = 2147483647;
			files = (
				BA92C4E01B45FB0F00C6DF6D /* Main.storyboard in Resources */,
				BA92C4E51B45FB0F00C6DF6D /* LaunchScreen.xib in Resources */,
				BA92C4E21B45FB0F00C6DF6D /* Images.xcassets in Resources */,
			);
			runOnlyForDeploymentPostprocessing = 0;
		};
		BA92C4E81B45FB0F00C6DF6D /* Resources */ = {
			isa = PBXResourcesBuildPhase;
			buildActionMask = 2147483647;
			files = (
			);
			runOnlyForDeploymentPostprocessing = 0;
		};
/* End PBXResourcesBuildPhase section */

/* Begin PBXSourcesBuildPhase section */
		BA92C4CD1B45FB0F00C6DF6D /* Sources */ = {
			isa = PBXSourcesBuildPhase;
			buildActionMask = 2147483647;
			files = (
				BA92C4DD1B45FB0F00C6DF6D /* ViewController.m in Sources */,
				BA92C5361B45FBF000C6DF6D /* ASIAuthenticationDialog.m in Sources */,
				BA92C5601B45FC6700C6DF6D /* SBJsonStreamParserAccumulator.m in Sources */,
				BA92C5631B45FC6700C6DF6D /* SBJsonStreamWriter.m in Sources */,
				BA92C4DA1B45FB0F00C6DF6D /* AppDelegate.m in Sources */,
				BA92C55E1B45FC6700C6DF6D /* SBJsonParser.m in Sources */,
				BA92C5381B45FBF000C6DF6D /* ASIDataDecompressor.m in Sources */,
				BA92C5401B45FC2000C6DF6D /* Reachability.m in Sources */,
				BA92C5661B45FC6700C6DF6D /* SBJsonTokeniser.m in Sources */,
				BA92C53D1B45FBF000C6DF6D /* ASINetworkQueue.m in Sources */,
				BA92C5621B45FC6700C6DF6D /* SBJsonStreamParserState.m in Sources */,
				BA92C55F1B45FC6700C6DF6D /* SBJsonStreamParser.m in Sources */,
				BA92C55D1B45FC6700C6DF6D /* NSObject+SBJson.m in Sources */,
				BA92C53B1B45FBF000C6DF6D /* ASIHTTPRequest.m in Sources */,
				BA92C5391B45FBF000C6DF6D /* ASIDownloadCache.m in Sources */,
				BA92C5371B45FBF000C6DF6D /* ASIDataCompressor.m in Sources */,
				BA92C5651B45FC6700C6DF6D /* SBJsonStreamWriterState.m in Sources */,
				BA92C5431B45FC4500C6DF6D /* MBProgressHUD.m in Sources */,
				BA92C53A1B45FBF000C6DF6D /* ASIFormDataRequest.m in Sources */,
				BA92C5641B45FC6700C6DF6D /* SBJsonStreamWriterAccumulator.m in Sources */,
				BA92C53C1B45FBF000C6DF6D /* ASIInputStream.m in Sources */,
				BA92C5681B45FC6700C6DF6D /* SBJsonWriter.m in Sources */,
				BA92C4D71B45FB0F00C6DF6D /* main.m in Sources */,
				BA92C5611B45FC6700C6DF6D /* SBJsonStreamParserAdapter.m in Sources */,
				BA92C5671B45FC6700C6DF6D /* SBJsonUTF8Stream.m in Sources */,
			);
			runOnlyForDeploymentPostprocessing = 0;
		};
		BA92C4E61B45FB0F00C6DF6D /* Sources */ = {
			isa = PBXSourcesBuildPhase;
			buildActionMask = 2147483647;
			files = (
				BA92C4F11B45FB0F00C6DF6D /* jsonDemoTests.m in Sources */,
			);
			runOnlyForDeploymentPostprocessing = 0;
		};
/* End PBXSourcesBuildPhase section */

/* Begin PBXTargetDependency section */
		BA92C4EC1B45FB0F00C6DF6D /* PBXTargetDependency */ = {
			isa = PBXTargetDependency;
			target = BA92C4D01B45FB0F00C6DF6D /* jsonDemo */;
			targetProxy = BA92C4EB1B45FB0F00C6DF6D /* PBXContainerItemProxy */;
		};
/* End PBXTargetDependency section */

/* Begin PBXVariantGroup section */
		BA92C4DE1B45FB0F00C6DF6D /* Main.storyboard */ = {
			isa = PBXVariantGroup;
			children = (
				BA92C4DF1B45FB0F00C6DF6D /* Base */,
			);
			name = Main.storyboard;
			sourceTree = "<group>";
		};
		BA92C4E31B45FB0F00C6DF6D /* LaunchScreen.xib */ = {
			isa = PBXVariantGroup;
			children = (
				BA92C4E41B45FB0F00C6DF6D /* Base */,
			);
			name = LaunchScreen.xib;
			sourceTree = "<group>";
		};
/* End PBXVariantGroup section */

/* Begin XCBuildConfiguration section */
		BA92C4F21B45FB0F00C6DF6D /* Debug */ = {
			isa = XCBuildConfiguration;
			buildSettings = {
				ALWAYS_SEARCH_USER_PATHS = NO;
				CLANG_CXX_LANGUAGE_STANDARD = "gnu++0x";
				CLANG_CXX_LIBRARY = "libc++";
				CLANG_ENABLE_MODULES = YES;
				CLANG_ENABLE_OBJC_ARC = YES;
				CLANG_WARN_BOOL_CONVERSION = YES;
				CLANG_WARN_CONSTANT_CONVERSION = YES;
				CLANG_WARN_DIRECT_OBJC_ISA_USAGE = YES_ERROR;
				CLANG_WARN_EMPTY_BODY = YES;
				CLANG_WARN_ENUM_CONVERSION = YES;
				CLANG_WARN_INT_CONVERSION = YES;
				CLANG_WARN_OBJC_ROOT_CLASS = YES_ERROR;
				CLANG_WARN_UNREACHABLE_CODE = YES;
				CLANG_WARN__DUPLICATE_METHOD_MATCH = YES;
				"CODE_SIGN_IDENTITY[sdk=iphoneos*]" = "iPhone Developer";
				COPY_PHASE_STRIP = NO;
				DEBUG_INFORMATION_FORMAT = "dwarf-with-dsym";
				ENABLE_STRICT_OBJC_MSGSEND = YES;
				GCC_C_LANGUAGE_STANDARD = gnu99;
				GCC_DYNAMIC_NO_PIC = NO;
				GCC_NO_COMMON_BLOCKS = YES;
				GCC_OPTIMIZATION_LEVEL = 0;
				GCC_PREPROCESSOR_DEFINITIONS = (
					"DEBUG=1",
					"$(inherited)",
				);
				GCC_SYMBOLS_PRIVATE_EXTERN = NO;
				GCC_WARN_64_TO_32_BIT_CONVERSION = YES;
				GCC_WARN_ABOUT_RETURN_TYPE = YES_ERROR;
				GCC_WARN_UNDECLARED_SELECTOR = YES;
				GCC_WARN_UNINITIALIZED_AUTOS = YES_AGGRESSIVE;
				GCC_WARN_UNUSED_FUNCTION = YES;
				GCC_WARN_UNUSED_VARIABLE = YES;
				IPHONEOS_DEPLOYMENT_TARGET = 8.3;
				MTL_ENABLE_DEBUG_INFO = YES;
				ONLY_ACTIVE_ARCH = YES;
				SDKROOT = iphoneos;
			};
			name = Debug;
		};
		BA92C4F31B45FB0F00C6DF6D /* Release */ = {
			isa = XCBuildConfiguration;
			buildSettings = {
				ALWAYS_SEARCH_USER_PATHS = NO;
				CLANG_CXX_LANGUAGE_STANDARD = "gnu++0x";
				CLANG_CXX_LIBRARY = "libc++";
				CLANG_ENABLE_MODULES = YES;
				CLANG_ENABLE_OBJC_ARC = YES;
				CLANG_WARN_BOOL_CONVERSION = YES;
				CLANG_WARN_CONSTANT_CONVERSION = YES;
				CLANG_WARN_DIRECT_OBJC_ISA_USAGE = YES_ERROR;
				CLANG_WARN_EMPTY_BODY = YES;
				CLANG_WARN_ENUM_CONVERSION = YES;
				CLANG_WARN_INT_CONVERSION = YES;
				CLANG_WARN_OBJC_ROOT_CLASS = YES_ERROR;
				CLANG_WARN_UNREACHABLE_CODE = YES;
				CLANG_WARN__DUPLICATE_METHOD_MATCH = YES;
				"CODE_SIGN_IDENTITY[sdk=iphoneos*]" = "iPhone Developer";
				COPY_PHASE_STRIP = NO;
				DEBUG_INFORMATION_FORMAT = "dwarf-with-dsym";
				ENABLE_NS_ASSERTIONS = NO;
				ENABLE_STRICT_OBJC_MSGSEND = YES;
				GCC_C_LANGUAGE_STANDARD = gnu99;
				GCC_NO_COMMON_BLOCKS = YES;
				GCC_WARN_64_TO_32_BIT_CONVERSION = YES;
				GCC_WARN_ABOUT_RETURN_TYPE = YES_ERROR;
				GCC_WARN_UNDECLARED_SELECTOR = YES;
				GCC_WARN_UNINITIALIZED_AUTOS = YES_AGGRESSIVE;
				GCC_WARN_UNUSED_FUNCTION = YES;
				GCC_WARN_UNUSED_VARIABLE = YES;
				IPHONEOS_DEPLOYMENT_TARGET = 8.3;
				MTL_ENABLE_DEBUG_INFO = NO;
				SDKROOT = iphoneos;
				VALIDATE_PRODUCT = YES;
			};
			name = Release;
		};
		BA92C4F51B45FB0F00C6DF6D /* Debug */ = {
			isa = XCBuildConfiguration;
			buildSettings = {
				ASSETCATALOG_COMPILER_APPICON_NAME = AppIcon;
				CLANG_WARN__ARC_BRIDGE_CAST_NONARC = NO;
				INFOPLIST_FILE = jsonDemo/Info.plist;
				LD_RUNPATH_SEARCH_PATHS = "$(inherited) @executable_path/Frameworks";
				PRODUCT_NAME = "$(TARGET_NAME)";
			};
			name = Debug;
		};
		BA92C4F61B45FB0F00C6DF6D /* Release */ = {
			isa = XCBuildConfiguration;
			buildSettings = {
				ASSETCATALOG_COMPILER_APPICON_NAME = AppIcon;
				CLANG_WARN__ARC_BRIDGE_CAST_NONARC = NO;
				INFOPLIST_FILE = jsonDemo/Info.plist;
				LD_RUNPATH_SEARCH_PATHS = "$(inherited) @executable_path/Frameworks";
				PRODUCT_NAME = "$(TARGET_NAME)";
			};
			name = Release;
		};
		BA92C4F81B45FB0F00C6DF6D /* Debug */ = {
			isa = XCBuildConfiguration;
			buildSettings = {
				BUNDLE_LOADER = "$(TEST_HOST)";
				FRAMEWORK_SEARCH_PATHS = (
					"$(SDKROOT)/Developer/Library/Frameworks",
					"$(inherited)",
				);
				GCC_PREPROCESSOR_DEFINITIONS = (
					"DEBUG=1",
					"$(inherited)",
				);
				INFOPLIST_FILE = jsonDemoTests/Info.plist;
				LD_RUNPATH_SEARCH_PATHS = "$(inherited) @executable_path/Frameworks @loader_path/Frameworks";
				PRODUCT_NAME = "$(TARGET_NAME)";
				TEST_HOST = "$(BUILT_PRODUCTS_DIR)/jsonDemo.app/jsonDemo";
			};
			name = Debug;
		};
		BA92C4F91B45FB0F00C6DF6D /* Release */ = {
			isa = XCBuildConfiguration;
			buildSettings = {
				BUNDLE_LOADER = "$(TEST_HOST)";
				FRAMEWORK_SEARCH_PATHS = (
					"$(SDKROOT)/Developer/Library/Frameworks",
					"$(inherited)",
				);
				INFOPLIST_FILE = jsonDemoTests/Info.plist;
				LD_RUNPATH_SEARCH_PATHS = "$(inherited) @executable_path/Frameworks @loader_path/Frameworks";
				PRODUCT_NAME = "$(TARGET_NAME)";
				TEST_HOST = "$(BUILT_PRODUCTS_DIR)/jsonDemo.app/jsonDemo";
			};
			name = Release;
		};
/* End XCBuildConfiguration section */

/* Begin XCConfigurationList section */
		BA92C4CC1B45FB0F00C6DF6D /* Build configuration list for PBXProject "jsonDemo" */ = {
			isa = XCConfigurationList;
			buildConfigurations = (
				BA92C4F21B45FB0F00C6DF6D /* Debug */,
				BA92C4F31B45FB0F00C6DF6D /* Release */,
			);
			defaultConfigurationIsVisible = 0;
			defaultConfigurationName = Release;
		};
		BA92C4F41B45FB0F00C6DF6D /* Build configuration list for PBXNativeTarget "jsonDemo" */ = {
			isa = XCConfigurationList;
			buildConfigurations = (
				BA92C4F51B45FB0F00C6DF6D /* Debug */,
				BA92C4F61B45FB0F00C6DF6D /* Release */,
			);
			defaultConfigurationIsVisible = 0;
		};
		BA92C4F71B45FB0F00C6DF6D /* Build configuration list for PBXNativeTarget "jsonDemoTests" */ = {
			isa = XCConfigurationList;
			buildConfigurations = (
				BA92C4F81B45FB0F00C6DF6D /* Debug */,
				BA92C4F91B45FB0F00C6DF6D /* Release */,
			);
			defaultConfigurationIsVisible = 0;
		};
/* End XCConfigurationList section */
	};
	rootObject = BA92C4C91B45FB0F00C6DF6D /* Project object */;
}
